
Microsoft Visual Studio Solution File, Format Version 12.00
# Visual Studio Version 17
VisualStudioVersion = 17.7.34221.43
MinimumVisualStudioVersion = 10.0.40219.1
Project("{FAE04EC0-301F-11D3-BF4B-00C04F79EFBC}") = "litedb1", "litedb1.csproj", "{301F7205-42BB-4CBD-8BD4-95AC9CEB5884}"
EndProject
Global
	GlobalSection(SolutionConfigurationPlatforms) = preSolution
		Debug|Any CPU = Debug|Any CPU
		Release|Any CPU = Release|Any CPU
	EndGlobalSection
	GlobalSection(ProjectConfigurationPlatforms) = postSolution
		{301F7205-42BB-4CBD-8BD4-95AC9CEB5884}.Debug|Any CPU.ActiveCfg = Debug|Any CPU
		{301F7205-42BB-4CBD-8BD4-95AC9CEB5884}.Debug|Any CPU.Build.0 = Debug|Any CPU
		{301F7205-42BB-4CBD-8BD4-95AC9CEB5884}.Release|Any CPU.ActiveCfg = Release|Any CPU
		{301F7205-42BB-4CBD-8BD4-95AC9CEB5884}.Release|Any CPU.Build.0 = Release|Any CPU
	EndGlobalSection
	GlobalSection(SolutionProperties) = preSolution
		HideSolutionNode = FALSE
	EndGlobalSection
	GlobalSection(ExtensibilityGlobals) = postSolution
		SolutionGuid = {92AA1F48-A208-41B4-AF50-C4C4866D0002}
	EndGlobalSection
EndGlobal
