
Microsoft Visual Studio Solution File, Format Version 12.00
# Visual Studio Version 17
VisualStudioVersion = 17.7.34024.191
MinimumVisualStudioVersion = 10.0.40219.1
Project("{FAE04EC0-301F-11D3-BF4B-00C04F79EFBC}") = "JuegoAtrapaMonedas", "JuegoAtrapaMonedas.csproj", "{359710E8-62D5-4CF6-94F8-15D61121918F}"
EndProject
Global
	GlobalSection(SolutionConfigurationPlatforms) = preSolution
		Debug|Any CPU = Debug|Any CPU
		Release|Any CPU = Release|Any CPU
	EndGlobalSection
	GlobalSection(ProjectConfigurationPlatforms) = postSolution
		{359710E8-62D5-4CF6-94F8-15D61121918F}.Debug|Any CPU.ActiveCfg = Debug|Any CPU
		{359710E8-62D5-4CF6-94F8-15D61121918F}.Debug|Any CPU.Build.0 = Debug|Any CPU
		{359710E8-62D5-4CF6-94F8-15D61121918F}.Release|Any CPU.ActiveCfg = Release|Any CPU
		{359710E8-62D5-4CF6-94F8-15D61121918F}.Release|Any CPU.Build.0 = Release|Any CPU
	EndGlobalSection
	GlobalSection(SolutionProperties) = preSolution
		HideSolutionNode = FALSE
	EndGlobalSection
	GlobalSection(ExtensibilityGlobals) = postSolution
		SolutionGuid = {B7527DB7-9D3E-4E4B-A499-E9C34C62A65C}
	EndGlobalSection
EndGlobal
