
Microsoft Visual Studio Solution File, Format Version 12.00
# Visual Studio Version 17
VisualStudioVersion = 17.7.34221.43
MinimumVisualStudioVersion = 10.0.40219.1
Project("{FAE04EC0-301F-11D3-BF4B-00C04F79EFBC}") = "juegoEsferasDragon", "juegoEsferasDragon.csproj", "{4512530C-4EB0-4817-BCC0-D7348D966538}"
EndProject
Global
	GlobalSection(SolutionConfigurationPlatforms) = preSolution
		Debug|Any CPU = Debug|Any CPU
		Release|Any CPU = Release|Any CPU
	EndGlobalSection
	GlobalSection(ProjectConfigurationPlatforms) = postSolution
		{4512530C-4EB0-4817-BCC0-D7348D966538}.Debug|Any CPU.ActiveCfg = Debug|Any CPU
		{4512530C-4EB0-4817-BCC0-D7348D966538}.Debug|Any CPU.Build.0 = Debug|Any CPU
		{4512530C-4EB0-4817-BCC0-D7348D966538}.Release|Any CPU.ActiveCfg = Release|Any CPU
		{4512530C-4EB0-4817-BCC0-D7348D966538}.Release|Any CPU.Build.0 = Release|Any CPU
	EndGlobalSection
	GlobalSection(SolutionProperties) = preSolution
		HideSolutionNode = FALSE
	EndGlobalSection
	GlobalSection(ExtensibilityGlobals) = postSolution
		SolutionGuid = {A7B629ED-4DFC-4182-8A1A-D162844BE321}
	EndGlobalSection
EndGlobal
